
Microsoft Visual Studio Solution File, Format Version 12.00
# Visual Studio Version 17
VisualStudioVersion = 17.0.32002.185
MinimumVisualStudioVersion = 10.0.40219.1
Project("{9A19103F-16F7-4668-BE54-9A1E7A4F7556}") = "Microsoft.Azure.CosmosRepository", "src\Microsoft.Azure.CosmosRepository\Microsoft.Azure.CosmosRepository.csproj", "{82E2D15C-7E53-4B77-A90A-9BADF185D564}"
EndProject
Project("{2150E333-8FDC-42A3-9474-1A3956D46DE8}") = "Solution Items", "Solution Items", "{C0FBFA4F-43FF-4E65-AB29-44BDE556210A}"
	ProjectSection(SolutionItems) = preProject
		.all-contributorsrc = .all-contributorsrc
		.editorconfig = .editorconfig
		.gitignore = .gitignore
		.gitmodules = .gitmodules
		.github\ISSUE_TEMPLATE\bug_report.md = .github\ISSUE_TEMPLATE\bug_report.md
		CODE_METRICS.md = CODE_METRICS.md
		CODE_OF_CONDUCT.md = CODE_OF_CONDUCT.md
		CosmosRepository.png = CosmosRepository.png
		Directory.Build.props = Directory.Build.props
		Directory.Packages.props = Directory.Packages.props
		.github\ISSUE_TEMPLATE\feature_request.md = .github\ISSUE_TEMPLATE\feature_request.md
		LICENSE = LICENSE
		logo-large.png = logo-large.png
		logo.png = logo.png
		README.md = README.md
	EndProjectSection
EndProject
Project("{9A19103F-16F7-4668-BE54-9A1E7A4F7556}") = "ServiceTier", "samples\Microsoft.Azure.CosmosRepository\ServiceTier\ServiceTier.csproj", "{AE98C44F-4F35-4AF8-9141-1DBCB00468C8}"
EndProject
Project("{9A19103F-16F7-4668-BE54-9A1E7A4F7556}") = "Microsoft.Azure.CosmosRepositoryTests", "tests\Microsoft.Azure.CosmosRepositoryTests\Microsoft.Azure.CosmosRepositoryTests.csproj", "{6287493F-E0CF-4F16-BF06-EA3AB501FA38}"
EndProject
Project("{9A19103F-16F7-4668-BE54-9A1E7A4F7556}") = "WebTier", "samples\Microsoft.Azure.CosmosRepository\WebTier\WebTier.csproj", "{11385AFD-CEA1-47EB-847A-D29D2F929F74}"
EndProject
Project("{9A19103F-16F7-4668-BE54-9A1E7A4F7556}") = "AzureFunctionTier", "samples\Microsoft.Azure.CosmosRepository\AzureFunctionTier\AzureFunctionTier.csproj", "{FD8C66BD-D45F-4D99-891B-0C490E2A8072}"
EndProject
Project("{2150E333-8FDC-42A3-9474-1A3956D46DE8}") = "Samples", "Samples", "{2EEE3D0D-6457-46D8-B8E8-FA7364942F1F}"
EndProject
Project("{9A19103F-16F7-4668-BE54-9A1E7A4F7556}") = "InMemoryWebTier", "samples\Microsoft.Azure.CosmosRepository\InMemoryWebTier\InMemoryWebTier.csproj", "{1AED0820-CE1C-42F1-A1C1-44BCFEDB2AE1}"
EndProject
Project("{9A19103F-16F7-4668-BE54-9A1E7A4F7556}") = "WebTier.Integration.Tests", "samples\Microsoft.Azure.CosmosRepository\WebTier.Integration.Tests\WebTier.Integration.Tests.csproj", "{DA869F40-C51B-47C8-A277-823CF2EB9F55}"
EndProject
Project("{9A19103F-16F7-4668-BE54-9A1E7A4F7556}") = "Paging", "samples\Microsoft.Azure.CosmosRepository\Paging\Paging.csproj", "{5AE38FCC-1FB7-479C-B672-8CC45095B5E7}"
EndProject
Project("{9A19103F-16F7-4668-BE54-9A1E7A4F7556}") = "OptimisticConcurrencyControl", "samples\Microsoft.Azure.CosmosRepository\OptimisticConcurrencyControl\OptimisticConcurrencyControl.csproj", "{ED06D554-7B62-4588-A61A-D4E855547DF2}"
EndProject
Project("{9A19103F-16F7-4668-BE54-9A1E7A4F7556}") = "ChangeFeedConsole", "samples\Microsoft.Azure.CosmosRepository.AspNetCore\ChangeFeedConsole\ChangeFeedConsole.csproj", "{C09F2BE0-1E3C-445A-886E-FBF806D0C9BB}"
EndProject
Project("{2150E333-8FDC-42A3-9474-1A3956D46DE8}") = "ChangeFeed", "ChangeFeed", "{9BC98AA9-78A9-4AAA-998C-461CC09DFFDE}"
EndProject
Project("{9A19103F-16F7-4668-BE54-9A1E7A4F7556}") = "ChangedFeedSamples.Shared", "samples\Microsoft.Azure.CosmosRepository.AspNetCore\ChangedFeedSamples.Shared\ChangedFeedSamples.Shared.csproj", "{9BB9074A-9478-41A3-A108-5E5775DB8353}"
EndProject
Project("{9A19103F-16F7-4668-BE54-9A1E7A4F7556}") = "ChangeFeedWeb", "samples\Microsoft.Azure.CosmosRepository.AspNetCore\ChangeFeedWeb\ChangeFeedWeb.csproj", "{C9ED77BA-3E5A-4977-B3C2-BD0D91A5C432}"
EndProject
Project("{9A19103F-16F7-4668-BE54-9A1E7A4F7556}") = "Microsoft.Azure.CosmosRepository.AspNetCore", "src\Microsoft.Azure.CosmosRepository.AspNetCore\Microsoft.Azure.CosmosRepository.AspNetCore.csproj", "{A57B9AC9-8CAF-47AA-9F70-EDF9B48C12A7}"
EndProject
Project("{9A19103F-16F7-4668-BE54-9A1E7A4F7556}") = "Microsoft.Azure.CosmosRepository.AspNetCoreTests", "tests\Microsoft.Azure.CosmosRepository.AspNetCoreTests\Microsoft.Azure.CosmosRepository.AspNetCoreTests.csproj", "{CDF603BA-5474-45E9-BBA1-2D33CAD12062}"
EndProject
Project("{9A19103F-16F7-4668-BE54-9A1E7A4F7556}") = "Microsoft.Azure.CosmosRepositoryAcceptanceTests", "tests\Microsoft.Azure.CosmosRepositoryAcceptanceTests\Microsoft.Azure.CosmosRepositoryAcceptanceTests.csproj", "{C8E5121C-7AE6-4819-9D86-F0D5418D5EC3}"
EndProject
Project("{2150E333-8FDC-42A3-9474-1A3956D46DE8}") = "Tools", "Tools", "{8704E3AA-99EC-4D9A-AB6B-4AC72D0207E0}"
EndProject
Project("{9A19103F-16F7-4668-BE54-9A1E7A4F7556}") = "CosmosTestHelper", "tools\CosmosTestHelper\CosmosTestHelper.csproj", "{86B938CF-7671-4B66-B831-C9EB6D73FD85}"
EndProject
Project("{9A19103F-16F7-4668-BE54-9A1E7A4F7556}") = "Specification", "samples\Microsoft.Azure.CosmosRepository\Specification\Specification.csproj", "{32B70EA1-A1F4-4F18-8F01-4E32043BFE99}"
EndProject
Project("{9A19103F-16F7-4668-BE54-9A1E7A4F7556}") = "Microsoft.Azure.CosmosEventSourcing", "src\Microsoft.Azure.CosmosEventSourcing\Microsoft.Azure.CosmosEventSourcing.csproj", "{BA421538-A1AF-45E7-8028-DBCD4B7E5B99}"
EndProject
Project("{2150E333-8FDC-42A3-9474-1A3956D46DE8}") = "EventSourcing", "EventSourcing", "{8F8738AD-EBC3-4C24-882B-5D9FAC427E80}"
EndProject
Project("{9A19103F-16F7-4668-BE54-9A1E7A4F7556}") = "BasicEventSourcingSample", "samples\Microsoft.Azure.CosmosEventSourcing\BasicEventSourcingSample\BasicEventSourcingSample.csproj", "{B6F280AC-1895-470D-AADF-A0E43E295AA6}"
EndProject
Project("{2150E333-8FDC-42A3-9474-1A3956D46DE8}") = "Repository", "Repository", "{13E01BD9-4BEB-43A1-9004-853366CE5C04}"
EndProject
Project("{2150E333-8FDC-42A3-9474-1A3956D46DE8}") = "EventSourcing", "EventSourcing", "{F8ED6752-5ED3-4EA1-89F0-363C40F8D8E0}"
EndProject
Project("{2150E333-8FDC-42A3-9474-1A3956D46DE8}") = "AspNetCore", "AspNetCore", "{3D8EDE92-2014-4AD5-8EDD-69A2DEA33928}"
EndProject
Project("{9A19103F-16F7-4668-BE54-9A1E7A4F7556}") = "Microsoft.Azure.CosmosEventSourcingTests", "tests\Microsoft.Azure.CosmosEventSourcingTests\Microsoft.Azure.CosmosEventSourcingTests.csproj", "{FEB072AC-B573-48BF-948D-B5FFF9102303}"
EndProject
Project("{9A19103F-16F7-4668-BE54-9A1E7A4F7556}") = "EventSourcingJobsTracker", "samples\Microsoft.Azure.CosmosEventSourcing\EventSourcingJobsTracker\EventSourcingJobsTracker.csproj", "{D276C752-4DB7-4380-AF76-91492E8F8554}"
EndProject
Project("{9A19103F-16F7-4668-BE54-9A1E7A4F7556}") = "EventSourcingCustomerAccount", "samples\Microsoft.Azure.CosmosEventSourcing\EventSourcingCustomerAccount\EventSourcingCustomerAccount.csproj", "{7A2873BC-70A1-489B-9609-E9D7D382C826}"
EndProject
Project("{9A19103F-16F7-4668-BE54-9A1E7A4F7556}") = "Microsoft.Azure.CosmosEventSourcingAcceptanceTests", "tests\Microsoft.Azure.CosmosEventSourcingAcceptanceTests\Microsoft.Azure.CosmosEventSourcingAcceptanceTests.csproj", "{99ADC0F0-9433-49AD-86FA-34009CD293BA}"
EndProject
Project("{FAE04EC0-301F-11D3-BF4B-00C04F79EFBC}") = "BugSandbox", "samples\Microsoft.Azure.CosmosRepository\BugSandbox\BugSandbox.csproj", "{7354577A-699D-4952-B8DF-27CF0FC7F683}"
EndProject
Global
	GlobalSection(SolutionConfigurationPlatforms) = preSolution
		Debug|Any CPU = Debug|Any CPU
		Release|Any CPU = Release|Any CPU
	EndGlobalSection
	GlobalSection(ProjectConfigurationPlatforms) = postSolution
		{82E2D15C-7E53-4B77-A90A-9BADF185D564}.Debug|Any CPU.ActiveCfg = Debug|Any CPU
		{82E2D15C-7E53-4B77-A90A-9BADF185D564}.Debug|Any CPU.Build.0 = Debug|Any CPU
		{82E2D15C-7E53-4B77-A90A-9BADF185D564}.Release|Any CPU.ActiveCfg = Release|Any CPU
		{82E2D15C-7E53-4B77-A90A-9BADF185D564}.Release|Any CPU.Build.0 = Release|Any CPU
		{AE98C44F-4F35-4AF8-9141-1DBCB00468C8}.Debug|Any CPU.ActiveCfg = Debug|Any CPU
		{AE98C44F-4F35-4AF8-9141-1DBCB00468C8}.Debug|Any CPU.Build.0 = Debug|Any CPU
		{AE98C44F-4F35-4AF8-9141-1DBCB00468C8}.Release|Any CPU.ActiveCfg = Release|Any CPU
		{AE98C44F-4F35-4AF8-9141-1DBCB00468C8}.Release|Any CPU.Build.0 = Release|Any CPU
		{6287493F-E0CF-4F16-BF06-EA3AB501FA38}.Debug|Any CPU.ActiveCfg = Debug|Any CPU
		{6287493F-E0CF-4F16-BF06-EA3AB501FA38}.Debug|Any CPU.Build.0 = Debug|Any CPU
		{6287493F-E0CF-4F16-BF06-EA3AB501FA38}.Release|Any CPU.ActiveCfg = Release|Any CPU
		{6287493F-E0CF-4F16-BF06-EA3AB501FA38}.Release|Any CPU.Build.0 = Release|Any CPU
		{11385AFD-CEA1-47EB-847A-D29D2F929F74}.Debug|Any CPU.ActiveCfg = Debug|Any CPU
		{11385AFD-CEA1-47EB-847A-D29D2F929F74}.Debug|Any CPU.Build.0 = Debug|Any CPU
		{11385AFD-CEA1-47EB-847A-D29D2F929F74}.Release|Any CPU.ActiveCfg = Release|Any CPU
		{11385AFD-CEA1-47EB-847A-D29D2F929F74}.Release|Any CPU.Build.0 = Release|Any CPU
		{FD8C66BD-D45F-4D99-891B-0C490E2A8072}.Debug|Any CPU.ActiveCfg = Debug|Any CPU
		{FD8C66BD-D45F-4D99-891B-0C490E2A8072}.Debug|Any CPU.Build.0 = Debug|Any CPU
		{FD8C66BD-D45F-4D99-891B-0C490E2A8072}.Release|Any CPU.ActiveCfg = Release|Any CPU
		{FD8C66BD-D45F-4D99-891B-0C490E2A8072}.Release|Any CPU.Build.0 = Release|Any CPU
		{1AED0820-CE1C-42F1-A1C1-44BCFEDB2AE1}.Debug|Any CPU.ActiveCfg = Debug|Any CPU
		{1AED0820-CE1C-42F1-A1C1-44BCFEDB2AE1}.Debug|Any CPU.Build.0 = Debug|Any CPU
		{1AED0820-CE1C-42F1-A1C1-44BCFEDB2AE1}.Release|Any CPU.ActiveCfg = Release|Any CPU
		{1AED0820-CE1C-42F1-A1C1-44BCFEDB2AE1}.Release|Any CPU.Build.0 = Release|Any CPU
		{DA869F40-C51B-47C8-A277-823CF2EB9F55}.Debug|Any CPU.ActiveCfg = Debug|Any CPU
		{DA869F40-C51B-47C8-A277-823CF2EB9F55}.Debug|Any CPU.Build.0 = Debug|Any CPU
		{DA869F40-C51B-47C8-A277-823CF2EB9F55}.Release|Any CPU.ActiveCfg = Release|Any CPU
		{DA869F40-C51B-47C8-A277-823CF2EB9F55}.Release|Any CPU.Build.0 = Release|Any CPU
		{5AE38FCC-1FB7-479C-B672-8CC45095B5E7}.Debug|Any CPU.ActiveCfg = Debug|Any CPU
		{5AE38FCC-1FB7-479C-B672-8CC45095B5E7}.Debug|Any CPU.Build.0 = Debug|Any CPU
		{5AE38FCC-1FB7-479C-B672-8CC45095B5E7}.Release|Any CPU.ActiveCfg = Release|Any CPU
		{5AE38FCC-1FB7-479C-B672-8CC45095B5E7}.Release|Any CPU.Build.0 = Release|Any CPU
		{ED06D554-7B62-4588-A61A-D4E855547DF2}.Debug|Any CPU.ActiveCfg = Debug|Any CPU
		{ED06D554-7B62-4588-A61A-D4E855547DF2}.Debug|Any CPU.Build.0 = Debug|Any CPU
		{ED06D554-7B62-4588-A61A-D4E855547DF2}.Release|Any CPU.ActiveCfg = Release|Any CPU
		{ED06D554-7B62-4588-A61A-D4E855547DF2}.Release|Any CPU.Build.0 = Release|Any CPU
		{C09F2BE0-1E3C-445A-886E-FBF806D0C9BB}.Debug|Any CPU.ActiveCfg = Debug|Any CPU
		{C09F2BE0-1E3C-445A-886E-FBF806D0C9BB}.Debug|Any CPU.Build.0 = Debug|Any CPU
		{C09F2BE0-1E3C-445A-886E-FBF806D0C9BB}.Release|Any CPU.ActiveCfg = Release|Any CPU
		{C09F2BE0-1E3C-445A-886E-FBF806D0C9BB}.Release|Any CPU.Build.0 = Release|Any CPU
		{9BB9074A-9478-41A3-A108-5E5775DB8353}.Debug|Any CPU.ActiveCfg = Debug|Any CPU
		{9BB9074A-9478-41A3-A108-5E5775DB8353}.Debug|Any CPU.Build.0 = Debug|Any CPU
		{9BB9074A-9478-41A3-A108-5E5775DB8353}.Release|Any CPU.ActiveCfg = Release|Any CPU
		{9BB9074A-9478-41A3-A108-5E5775DB8353}.Release|Any CPU.Build.0 = Release|Any CPU
		{C9ED77BA-3E5A-4977-B3C2-BD0D91A5C432}.Debug|Any CPU.ActiveCfg = Debug|Any CPU
		{C9ED77BA-3E5A-4977-B3C2-BD0D91A5C432}.Debug|Any CPU.Build.0 = Debug|Any CPU
		{C9ED77BA-3E5A-4977-B3C2-BD0D91A5C432}.Release|Any CPU.ActiveCfg = Release|Any CPU
		{C9ED77BA-3E5A-4977-B3C2-BD0D91A5C432}.Release|Any CPU.Build.0 = Release|Any CPU
		{A57B9AC9-8CAF-47AA-9F70-EDF9B48C12A7}.Debug|Any CPU.ActiveCfg = Debug|Any CPU
		{A57B9AC9-8CAF-47AA-9F70-EDF9B48C12A7}.Debug|Any CPU.Build.0 = Debug|Any CPU
		{A57B9AC9-8CAF-47AA-9F70-EDF9B48C12A7}.Release|Any CPU.ActiveCfg = Release|Any CPU
		{A57B9AC9-8CAF-47AA-9F70-EDF9B48C12A7}.Release|Any CPU.Build.0 = Release|Any CPU
		{CDF603BA-5474-45E9-BBA1-2D33CAD12062}.Debug|Any CPU.ActiveCfg = Debug|Any CPU
		{CDF603BA-5474-45E9-BBA1-2D33CAD12062}.Debug|Any CPU.Build.0 = Debug|Any CPU
		{CDF603BA-5474-45E9-BBA1-2D33CAD12062}.Release|Any CPU.ActiveCfg = Release|Any CPU
		{CDF603BA-5474-45E9-BBA1-2D33CAD12062}.Release|Any CPU.Build.0 = Release|Any CPU
		{C8E5121C-7AE6-4819-9D86-F0D5418D5EC3}.Debug|Any CPU.ActiveCfg = Debug|Any CPU
		{C8E5121C-7AE6-4819-9D86-F0D5418D5EC3}.Debug|Any CPU.Build.0 = Debug|Any CPU
		{C8E5121C-7AE6-4819-9D86-F0D5418D5EC3}.Release|Any CPU.ActiveCfg = Release|Any CPU
		{C8E5121C-7AE6-4819-9D86-F0D5418D5EC3}.Release|Any CPU.Build.0 = Release|Any CPU
		{86B938CF-7671-4B66-B831-C9EB6D73FD85}.Debug|Any CPU.ActiveCfg = Debug|Any CPU
		{86B938CF-7671-4B66-B831-C9EB6D73FD85}.Debug|Any CPU.Build.0 = Debug|Any CPU
		{86B938CF-7671-4B66-B831-C9EB6D73FD85}.Release|Any CPU.ActiveCfg = Release|Any CPU
		{86B938CF-7671-4B66-B831-C9EB6D73FD85}.Release|Any CPU.Build.0 = Release|Any CPU
		{32B70EA1-A1F4-4F18-8F01-4E32043BFE99}.Debug|Any CPU.ActiveCfg = Debug|Any CPU
		{32B70EA1-A1F4-4F18-8F01-4E32043BFE99}.Debug|Any CPU.Build.0 = Debug|Any CPU
		{32B70EA1-A1F4-4F18-8F01-4E32043BFE99}.Release|Any CPU.ActiveCfg = Release|Any CPU
		{32B70EA1-A1F4-4F18-8F01-4E32043BFE99}.Release|Any CPU.Build.0 = Release|Any CPU
		{BA421538-A1AF-45E7-8028-DBCD4B7E5B99}.Debug|Any CPU.ActiveCfg = Debug|Any CPU
		{BA421538-A1AF-45E7-8028-DBCD4B7E5B99}.Debug|Any CPU.Build.0 = Debug|Any CPU
		{BA421538-A1AF-45E7-8028-DBCD4B7E5B99}.Release|Any CPU.ActiveCfg = Release|Any CPU
		{BA421538-A1AF-45E7-8028-DBCD4B7E5B99}.Release|Any CPU.Build.0 = Release|Any CPU
		{B6F280AC-1895-470D-AADF-A0E43E295AA6}.Debug|Any CPU.ActiveCfg = Debug|Any CPU
		{B6F280AC-1895-470D-AADF-A0E43E295AA6}.Debug|Any CPU.Build.0 = Debug|Any CPU
		{B6F280AC-1895-470D-AADF-A0E43E295AA6}.Release|Any CPU.ActiveCfg = Release|Any CPU
		{B6F280AC-1895-470D-AADF-A0E43E295AA6}.Release|Any CPU.Build.0 = Release|Any CPU
		{FEB072AC-B573-48BF-948D-B5FFF9102303}.Debug|Any CPU.ActiveCfg = Debug|Any CPU
		{FEB072AC-B573-48BF-948D-B5FFF9102303}.Debug|Any CPU.Build.0 = Debug|Any CPU
		{FEB072AC-B573-48BF-948D-B5FFF9102303}.Release|Any CPU.ActiveCfg = Release|Any CPU
		{FEB072AC-B573-48BF-948D-B5FFF9102303}.Release|Any CPU.Build.0 = Release|Any CPU
		{D276C752-4DB7-4380-AF76-91492E8F8554}.Debug|Any CPU.ActiveCfg = Debug|Any CPU
		{D276C752-4DB7-4380-AF76-91492E8F8554}.Debug|Any CPU.Build.0 = Debug|Any CPU
		{D276C752-4DB7-4380-AF76-91492E8F8554}.Release|Any CPU.ActiveCfg = Release|Any CPU
		{D276C752-4DB7-4380-AF76-91492E8F8554}.Release|Any CPU.Build.0 = Release|Any CPU
		{7A2873BC-70A1-489B-9609-E9D7D382C826}.Debug|Any CPU.ActiveCfg = Debug|Any CPU
		{7A2873BC-70A1-489B-9609-E9D7D382C826}.Debug|Any CPU.Build.0 = Debug|Any CPU
		{7A2873BC-70A1-489B-9609-E9D7D382C826}.Release|Any CPU.ActiveCfg = Release|Any CPU
		{7A2873BC-70A1-489B-9609-E9D7D382C826}.Release|Any CPU.Build.0 = Release|Any CPU
		{99ADC0F0-9433-49AD-86FA-34009CD293BA}.Debug|Any CPU.ActiveCfg = Debug|Any CPU
		{99ADC0F0-9433-49AD-86FA-34009CD293BA}.Debug|Any CPU.Build.0 = Debug|Any CPU
		{99ADC0F0-9433-49AD-86FA-34009CD293BA}.Release|Any CPU.ActiveCfg = Release|Any CPU
		{99ADC0F0-9433-49AD-86FA-34009CD293BA}.Release|Any CPU.Build.0 = Release|Any CPU
		{7354577A-699D-4952-B8DF-27CF0FC7F683}.Debug|Any CPU.ActiveCfg = Debug|Any CPU
		{7354577A-699D-4952-B8DF-27CF0FC7F683}.Debug|Any CPU.Build.0 = Debug|Any CPU
		{7354577A-699D-4952-B8DF-27CF0FC7F683}.Release|Any CPU.ActiveCfg = Release|Any CPU
		{7354577A-699D-4952-B8DF-27CF0FC7F683}.Release|Any CPU.Build.0 = Release|Any CPU
	EndGlobalSection
	GlobalSection(SolutionProperties) = preSolution
		HideSolutionNode = FALSE
	EndGlobalSection
	GlobalSection(NestedProjects) = preSolution
		{82E2D15C-7E53-4B77-A90A-9BADF185D564} = {13E01BD9-4BEB-43A1-9004-853366CE5C04}
		{AE98C44F-4F35-4AF8-9141-1DBCB00468C8} = {2EEE3D0D-6457-46D8-B8E8-FA7364942F1F}
		{6287493F-E0CF-4F16-BF06-EA3AB501FA38} = {13E01BD9-4BEB-43A1-9004-853366CE5C04}
		{11385AFD-CEA1-47EB-847A-D29D2F929F74} = {2EEE3D0D-6457-46D8-B8E8-FA7364942F1F}
		{FD8C66BD-D45F-4D99-891B-0C490E2A8072} = {2EEE3D0D-6457-46D8-B8E8-FA7364942F1F}
		{1AED0820-CE1C-42F1-A1C1-44BCFEDB2AE1} = {2EEE3D0D-6457-46D8-B8E8-FA7364942F1F}
		{DA869F40-C51B-47C8-A277-823CF2EB9F55} = {2EEE3D0D-6457-46D8-B8E8-FA7364942F1F}
		{5AE38FCC-1FB7-479C-B672-8CC45095B5E7} = {2EEE3D0D-6457-46D8-B8E8-FA7364942F1F}
		{ED06D554-7B62-4588-A61A-D4E855547DF2} = {2EEE3D0D-6457-46D8-B8E8-FA7364942F1F}
		{C09F2BE0-1E3C-445A-886E-FBF806D0C9BB} = {9BC98AA9-78A9-4AAA-998C-461CC09DFFDE}
		{9BC98AA9-78A9-4AAA-998C-461CC09DFFDE} = {2EEE3D0D-6457-46D8-B8E8-FA7364942F1F}
		{9BB9074A-9478-41A3-A108-5E5775DB8353} = {9BC98AA9-78A9-4AAA-998C-461CC09DFFDE}
		{C9ED77BA-3E5A-4977-B3C2-BD0D91A5C432} = {9BC98AA9-78A9-4AAA-998C-461CC09DFFDE}
		{A57B9AC9-8CAF-47AA-9F70-EDF9B48C12A7} = {3D8EDE92-2014-4AD5-8EDD-69A2DEA33928}
		{CDF603BA-5474-45E9-BBA1-2D33CAD12062} = {3D8EDE92-2014-4AD5-8EDD-69A2DEA33928}
		{C8E5121C-7AE6-4819-9D86-F0D5418D5EC3} = {13E01BD9-4BEB-43A1-9004-853366CE5C04}
		{86B938CF-7671-4B66-B831-C9EB6D73FD85} = {8704E3AA-99EC-4D9A-AB6B-4AC72D0207E0}
		{32B70EA1-A1F4-4F18-8F01-4E32043BFE99} = {2EEE3D0D-6457-46D8-B8E8-FA7364942F1F}
		{BA421538-A1AF-45E7-8028-DBCD4B7E5B99} = {F8ED6752-5ED3-4EA1-89F0-363C40F8D8E0}
		{8F8738AD-EBC3-4C24-882B-5D9FAC427E80} = {2EEE3D0D-6457-46D8-B8E8-FA7364942F1F}
		{B6F280AC-1895-470D-AADF-A0E43E295AA6} = {8F8738AD-EBC3-4C24-882B-5D9FAC427E80}
		{FEB072AC-B573-48BF-948D-B5FFF9102303} = {F8ED6752-5ED3-4EA1-89F0-363C40F8D8E0}
		{D276C752-4DB7-4380-AF76-91492E8F8554} = {8F8738AD-EBC3-4C24-882B-5D9FAC427E80}
		{7A2873BC-70A1-489B-9609-E9D7D382C826} = {8F8738AD-EBC3-4C24-882B-5D9FAC427E80}
		{99ADC0F0-9433-49AD-86FA-34009CD293BA} = {F8ED6752-5ED3-4EA1-89F0-363C40F8D8E0}
		{7354577A-699D-4952-B8DF-27CF0FC7F683} = {2EEE3D0D-6457-46D8-B8E8-FA7364942F1F}
	EndGlobalSection
	GlobalSection(ExtensibilityGlobals) = postSolution
		SolutionGuid = {6AAE7641-B62C-48BA-8FE6-0F819E5B45EF}
	EndGlobalSection
EndGlobal
